
Microsoft Visual Studio Solution File, Format Version 12.00
# Visual Studio 15
VisualStudioVersion = 15.0.27130.2010
MinimumVisualStudioVersion = 10.0.40219.1
Project("{FAE04EC0-301F-11D3-BF4B-00C04F79EFBC}") = "CSBREPL.Scripting", "CSBREPL.Scripting\CSBREPL.Scripting.csproj", "{68037DFB-8629-49E6-AF7B-F4DB5534C23F}"
EndProject
Project("{FAE04EC0-301F-11D3-BF4B-00C04F79EFBC}") = "CSBREPL.WinUI", "CSBREPL.WinUI\CSBREPL.WinUI.csproj", "{BED3212E-EFA4-4F9D-BFCB-F92F7DB305C9}"
EndProject
Global
	GlobalSection(SolutionConfigurationPlatforms) = preSolution
		Debug|Any CPU = Debug|Any CPU
		Release|Any CPU = Release|Any CPU
	EndGlobalSection
	GlobalSection(ProjectConfigurationPlatforms) = postSolution
		{68037DFB-8629-49E6-AF7B-F4DB5534C23F}.Debug|Any CPU.ActiveCfg = Debug|Any CPU
		{68037DFB-8629-49E6-AF7B-F4DB5534C23F}.Debug|Any CPU.Build.0 = Debug|Any CPU
		{68037DFB-8629-49E6-AF7B-F4DB5534C23F}.Release|Any CPU.ActiveCfg = Release|Any CPU
		{68037DFB-8629-49E6-AF7B-F4DB5534C23F}.Release|Any CPU.Build.0 = Release|Any CPU
		{BED3212E-EFA4-4F9D-BFCB-F92F7DB305C9}.Debug|Any CPU.ActiveCfg = Debug|Any CPU
		{BED3212E-EFA4-4F9D-BFCB-F92F7DB305C9}.Debug|Any CPU.Build.0 = Debug|Any CPU
		{BED3212E-EFA4-4F9D-BFCB-F92F7DB305C9}.Release|Any CPU.ActiveCfg = Release|Any CPU
		{BED3212E-EFA4-4F9D-BFCB-F92F7DB305C9}.Release|Any CPU.Build.0 = Release|Any CPU
	EndGlobalSection
	GlobalSection(SolutionProperties) = preSolution
		HideSolutionNode = FALSE
	EndGlobalSection
	GlobalSection(ExtensibilityGlobals) = postSolution
		SolutionGuid = {6DED57C8-E647-436D-92D7-39496E044F65}
	EndGlobalSection
EndGlobal
