
Microsoft Visual Studio Solution File, Format Version 12.00
# Visual Studio 15
VisualStudioVersion = 15.0.27130.2010
MinimumVisualStudioVersion = 10.0.40219.1
Project("{FAE04EC0-301F-11D3-BF4B-00C04F79EFBC}") = "CSBREPL.WinUI", "CSBREPL.WinUI\CSBREPL.WinUI.csproj", "{BED3212E-EFA4-4F9D-BFCB-F92F7DB305C9}"
EndProject
Project("{FAE04EC0-301F-11D3-BF4B-00C04F79EFBC}") = "CSBREPL.Engine", "CSBREPL.Engine\CSBREPL.Engine.csproj", "{7CCA535E-8E20-4FDF-9F44-F4F2671D2B03}"
EndProject
Global
	GlobalSection(SolutionConfigurationPlatforms) = preSolution
		Debug|Any CPU = Debug|Any CPU
		Release|Any CPU = Release|Any CPU
	EndGlobalSection
	GlobalSection(ProjectConfigurationPlatforms) = postSolution
		{BED3212E-EFA4-4F9D-BFCB-F92F7DB305C9}.Debug|Any CPU.ActiveCfg = Debug|Any CPU
		{BED3212E-EFA4-4F9D-BFCB-F92F7DB305C9}.Debug|Any CPU.Build.0 = Debug|Any CPU
		{BED3212E-EFA4-4F9D-BFCB-F92F7DB305C9}.Release|Any CPU.ActiveCfg = Release|Any CPU
		{BED3212E-EFA4-4F9D-BFCB-F92F7DB305C9}.Release|Any CPU.Build.0 = Release|Any CPU
		{7CCA535E-8E20-4FDF-9F44-F4F2671D2B03}.Debug|Any CPU.ActiveCfg = Debug|Any CPU
		{7CCA535E-8E20-4FDF-9F44-F4F2671D2B03}.Debug|Any CPU.Build.0 = Debug|Any CPU
		{7CCA535E-8E20-4FDF-9F44-F4F2671D2B03}.Release|Any CPU.ActiveCfg = Release|Any CPU
		{7CCA535E-8E20-4FDF-9F44-F4F2671D2B03}.Release|Any CPU.Build.0 = Release|Any CPU
	EndGlobalSection
	GlobalSection(SolutionProperties) = preSolution
		HideSolutionNode = FALSE
	EndGlobalSection
	GlobalSection(ExtensibilityGlobals) = postSolution
		SolutionGuid = {6DED57C8-E647-436D-92D7-39496E044F65}
	EndGlobalSection
EndGlobal
